
Microsoft Visual Studio Solution File, Format Version 12.00
Project("{FAE04EC0-301F-11D3-BF4B-00C04F79EFBC}") = "Ca.Application", "Ca.Application\Ca.Application.csproj", "{ABC45DFB-D0E4-4AFF-BEFD-06EF2BC85C6F}"
EndProject
Project("{FAE04EC0-301F-11D3-BF4B-00C04F79EFBC}") = "Ca.Infrastructure", "Ca.Infrastructure\Ca.Infrastructure.csproj", "{746C974C-AF62-4709-8A06-7DF025D290DB}"
EndProject
Project("{FAE04EC0-301F-11D3-BF4B-00C04F79EFBC}") = "Ca.Domain", "Ca.Domain\Ca.Domain.csproj", "{D599D7CA-FEA0-4346-A34E-EE36AE096886}"
EndProject
Project("{FAE04EC0-301F-11D3-BF4B-00C04F79EFBC}") = "Ca.Shared", "Ca.Shared\Ca.Shared.csproj", "{696C6386-A2D6-4DDB-9F02-11CC60C46F2A}"
EndProject
Project("{FAE04EC0-301F-11D3-BF4B-00C04F79EFBC}") = "Ca.Contracts", "Ca.Contracts\Ca.Contracts.csproj", "{53A8E7C0-30C6-4CD7-9A96-439D8C8F4AF0}"
EndProject
Project("{FAE04EC0-301F-11D3-BF4B-00C04F79EFBC}") = "Ca.WebApi", "Ca.WebApi\Ca.WebApi.csproj", "{41FA4BF6-C224-46C6-A931-2D734B172E3C}"
EndProject
Project("{FAE04EC0-301F-11D3-BF4B-00C04F79EFBC}") = "Ca.Tests", "Ca.Tests\Ca.Tests.csproj", "{342EFB6C-FBBD-48B8-939B-AEBBECC2EC42}"
EndProject
Global
	GlobalSection(SolutionConfigurationPlatforms) = preSolution
		Debug|Any CPU = Debug|Any CPU
		Release|Any CPU = Release|Any CPU
	EndGlobalSection
	GlobalSection(ProjectConfigurationPlatforms) = postSolution
		{ABC45DFB-D0E4-4AFF-BEFD-06EF2BC85C6F}.Debug|Any CPU.ActiveCfg = Debug|Any CPU
		{ABC45DFB-D0E4-4AFF-BEFD-06EF2BC85C6F}.Debug|Any CPU.Build.0 = Debug|Any CPU
		{ABC45DFB-D0E4-4AFF-BEFD-06EF2BC85C6F}.Release|Any CPU.ActiveCfg = Release|Any CPU
		{ABC45DFB-D0E4-4AFF-BEFD-06EF2BC85C6F}.Release|Any CPU.Build.0 = Release|Any CPU
		{746C974C-AF62-4709-8A06-7DF025D290DB}.Debug|Any CPU.ActiveCfg = Debug|Any CPU
		{746C974C-AF62-4709-8A06-7DF025D290DB}.Debug|Any CPU.Build.0 = Debug|Any CPU
		{746C974C-AF62-4709-8A06-7DF025D290DB}.Release|Any CPU.ActiveCfg = Release|Any CPU
		{746C974C-AF62-4709-8A06-7DF025D290DB}.Release|Any CPU.Build.0 = Release|Any CPU
		{D599D7CA-FEA0-4346-A34E-EE36AE096886}.Debug|Any CPU.ActiveCfg = Debug|Any CPU
		{D599D7CA-FEA0-4346-A34E-EE36AE096886}.Debug|Any CPU.Build.0 = Debug|Any CPU
		{D599D7CA-FEA0-4346-A34E-EE36AE096886}.Release|Any CPU.ActiveCfg = Release|Any CPU
		{D599D7CA-FEA0-4346-A34E-EE36AE096886}.Release|Any CPU.Build.0 = Release|Any CPU
		{696C6386-A2D6-4DDB-9F02-11CC60C46F2A}.Debug|Any CPU.ActiveCfg = Debug|Any CPU
		{696C6386-A2D6-4DDB-9F02-11CC60C46F2A}.Debug|Any CPU.Build.0 = Debug|Any CPU
		{696C6386-A2D6-4DDB-9F02-11CC60C46F2A}.Release|Any CPU.ActiveCfg = Release|Any CPU
		{696C6386-A2D6-4DDB-9F02-11CC60C46F2A}.Release|Any CPU.Build.0 = Release|Any CPU
		{53A8E7C0-30C6-4CD7-9A96-439D8C8F4AF0}.Debug|Any CPU.ActiveCfg = Debug|Any CPU
		{53A8E7C0-30C6-4CD7-9A96-439D8C8F4AF0}.Debug|Any CPU.Build.0 = Debug|Any CPU
		{53A8E7C0-30C6-4CD7-9A96-439D8C8F4AF0}.Release|Any CPU.ActiveCfg = Release|Any CPU
		{53A8E7C0-30C6-4CD7-9A96-439D8C8F4AF0}.Release|Any CPU.Build.0 = Release|Any CPU
		{41FA4BF6-C224-46C6-A931-2D734B172E3C}.Debug|Any CPU.ActiveCfg = Debug|Any CPU
		{41FA4BF6-C224-46C6-A931-2D734B172E3C}.Debug|Any CPU.Build.0 = Debug|Any CPU
		{41FA4BF6-C224-46C6-A931-2D734B172E3C}.Release|Any CPU.ActiveCfg = Release|Any CPU
		{41FA4BF6-C224-46C6-A931-2D734B172E3C}.Release|Any CPU.Build.0 = Release|Any CPU
		{342EFB6C-FBBD-48B8-939B-AEBBECC2EC42}.Debug|Any CPU.ActiveCfg = Debug|Any CPU
		{342EFB6C-FBBD-48B8-939B-AEBBECC2EC42}.Debug|Any CPU.Build.0 = Debug|Any CPU
		{342EFB6C-FBBD-48B8-939B-AEBBECC2EC42}.Release|Any CPU.ActiveCfg = Release|Any CPU
		{342EFB6C-FBBD-48B8-939B-AEBBECC2EC42}.Release|Any CPU.Build.0 = Release|Any CPU
	EndGlobalSection
EndGlobal
